// !$*UTF8*$!
{
	archiveVersion = 1;
	classes = {
	};
	objectVersion = 77;
	objects = {

/* Begin PBXFileReference section */
		DFDE530A2E3F1F9000BE894C /* Swift_DataStructures_CheatSheet.md */ = {isa = PBXFileReference; lastKnownFileType = net.daringfireball.markdown; path = Swift_DataStructures_CheatSheet.md; sourceTree = "<group>"; };
		DFDEBDC92E41008000BE894C /* Graph.swift */ = {isa = PBXFileReference; lastKnownFileType = sourcecode.swift; path = Graph.swift; sourceTree = "<group>"; };
		DFDEBDCA2E41B2E100BE894C /* DP_level_1.swift */ = {isa = PBXFileReference; lastKnownFileType = sourcecode.swift; path = DP_level_1.swift; sourceTree = "<group>"; };
		DFDEBDCB2E41B34C00BE894C /* GenricTree.swift */ = {isa = PBXFileReference; lastKnownFileType = sourcecode.swift; path = GenricTree.swift; sourceTree = "<group>"; };
		DFDEBDCC2E41B5DD00BE894C /* Queue_Custom.swift */ = {isa = PBXFileReference; lastKnownFileType = sourcecode.swift; path = Queue_Custom.swift; sourceTree = "<group>"; };
		DFDEBDCD2E41CE3100BE894C /* PriorityQueueCustom.swift */ = {isa = PBXFileReference; lastKnownFileType = sourcecode.swift; path = PriorityQueueCustom.swift; sourceTree = "<group>"; };
		DFF891552E46131600CB343F /* LinkedList.swift */ = {isa = PBXFileReference; lastKnownFileType = sourcecode.swift; path = LinkedList.swift; sourceTree = "<group>"; };
		DFF891562E463F0A00CB343F /* Stack.swift */ = {isa = PBXFileReference; lastKnownFileType = sourcecode.swift; path = Stack.swift; sourceTree = "<group>"; };
		DFF891572E463FA100CB343F /* Backtracking.swift */ = {isa = PBXFileReference; lastKnownFileType = sourcecode.swift; path = Backtracking.swift; sourceTree = "<group>"; };
		DFF891582E463FE100CB343F /* Arrays.swift */ = {isa = PBXFileReference; lastKnownFileType = sourcecode.swift; path = Arrays.swift; sourceTree = "<group>"; };
		DFF891592E47106800CB343F /* Greedy.swift */ = {isa = PBXFileReference; lastKnownFileType = sourcecode.swift; path = Greedy.swift; sourceTree = "<group>"; };
/* End PBXFileReference section */

/* Begin PBXFileSystemSynchronizedRootGroup section */
		DF6CEE192E1A63BB007A73AB /* Swift Basics */ = {
			isa = PBXFileSystemSynchronizedRootGroup;
			path = "Swift Basics";
			sourceTree = "<group>";
		};
		DFF8915B2E471A9600CB343F /* DSA Notes */ = {
			isa = PBXFileSystemSynchronizedRootGroup;
			path = "DSA Notes";
			sourceTree = "<group>";
		};
/* End PBXFileSystemSynchronizedRootGroup section */

/* Begin PBXGroup section */
		DF7DD8412E16F3ED0009256C = {
			isa = PBXGroup;
			children = (
				DFF8915B2E471A9600CB343F /* DSA Notes */,
				DFF891592E47106800CB343F /* Greedy.swift */,
				DFF891582E463FE100CB343F /* Arrays.swift */,
				DFF891572E463FA100CB343F /* Backtracking.swift */,
				DFF891562E463F0A00CB343F /* Stack.swift */,
				DFF891552E46131600CB343F /* LinkedList.swift */,
				DFDEBDCD2E41CE3100BE894C /* PriorityQueueCustom.swift */,
				DFDEBDCC2E41B5DD00BE894C /* Queue_Custom.swift */,
				DFDEBDCB2E41B34C00BE894C /* GenricTree.swift */,
				DFDEBDCA2E41B2E100BE894C /* DP_level_1.swift */,
				DFDEBDC92E41008000BE894C /* Graph.swift */,
				DFDE530A2E3F1F9000BE894C /* Swift_DataStructures_CheatSheet.md */,
				DF6CEE192E1A63BB007A73AB /* Swift Basics */,
			);
			sourceTree = "<group>";
		};
/* End PBXGroup section */

/* Begin PBXProject section */
		DF7DD8422E16F3ED0009256C /* Project object */ = {
			isa = PBXProject;
			attributes = {
				BuildIndependentTargetsInParallel = 1;
				LastUpgradeCheck = 1640;
			};
			buildConfigurationList = DF7DD8452E16F3ED0009256C /* Build configuration list for PBXProject "DSA" */;
			developmentRegion = en;
			hasScannedForEncodings = 0;
			knownRegions = (
				en,
				Base,
			);
			mainGroup = DF7DD8412E16F3ED0009256C;
			minimizedProjectReferenceProxies = 1;
			preferredProjectObjectVersion = 77;
			projectDirPath = "";
			projectRoot = "";
			targets = (
			);
		};
/* End PBXProject section */

/* Begin XCBuildConfiguration section */
		DF7DD8462E16F3ED0009256C /* Debug */ = {
			isa = XCBuildConfiguration;
			buildSettings = {
			};
			name = Debug;
		};
		DF7DD8472E16F3ED0009256C /* Release */ = {
			isa = XCBuildConfiguration;
			buildSettings = {
			};
			name = Release;
		};
/* End XCBuildConfiguration section */

/* Begin XCConfigurationList section */
		DF7DD8452E16F3ED0009256C /* Build configuration list for PBXProject "DSA" */ = {
			isa = XCConfigurationList;
			buildConfigurations = (
				DF7DD8462E16F3ED0009256C /* Debug */,
				DF7DD8472E16F3ED0009256C /* Release */,
			);
			defaultConfigurationIsVisible = 0;
			defaultConfigurationName = Release;
		};
/* End XCConfigurationList section */
	};
	rootObject = DF7DD8422E16F3ED0009256C /* Project object */;
}
