// !$*UTF8*$!
{
	archiveVersion = 1;
	classes = {
	};
	objectVersion = 77;
	objects = {

/* Begin PBXFileReference section */
		DF7DD84B2E16F49B0009256C /* Easy_DP.playground */ = {isa = PBXFileReference; lastKnownFileType = file.playground; path = Easy_DP.playground; sourceTree = "<group>"; xcLanguageSpecificationIdentifier = xcode.lang.swift; };
		DFDE530A2E3F1F9000BE894C /* Swift_DataStructures_CheatSheet.md */ = {isa = PBXFileReference; lastKnownFileType = net.daringfireball.markdown; path = Swift_DataStructures_CheatSheet.md; sourceTree = "<group>"; };
/* End PBXFileReference section */

/* Begin PBXFileSystemSynchronizedRootGroup section */
		DF1700412E1BBC4800883FB9 /* Tree, BST and Trie */ = {
			isa = PBXFileSystemSynchronizedRootGroup;
			path = "Tree, BST and Trie";
			sourceTree = "<group>";
		};
		DF6CEE112E182EFE007A73AB /* Recursion & Arrays */ = {
			isa = PBXFileSystemSynchronizedRootGroup;
			path = "Recursion & Arrays";
			sourceTree = "<group>";
		};
		DF6CEE142E1983B7007A73AB /* Linkedlist */ = {
			isa = PBXFileSystemSynchronizedRootGroup;
			path = Linkedlist;
			sourceTree = "<group>";
		};
		DF6CEE162E199B43007A73AB /* Stacks and Queue */ = {
			isa = PBXFileSystemSynchronizedRootGroup;
			path = "Stacks and Queue";
			sourceTree = "<group>";
		};
		DF6CEE192E1A63BB007A73AB /* Swift Basics */ = {
			isa = PBXFileSystemSynchronizedRootGroup;
			path = "Swift Basics";
			sourceTree = "<group>";
		};
/* End PBXFileSystemSynchronizedRootGroup section */

/* Begin PBXGroup section */
		DF7DD8412E16F3ED0009256C = {
			isa = PBXGroup;
			children = (
				DFDE530A2E3F1F9000BE894C /* Swift_DataStructures_CheatSheet.md */,
				DF1700412E1BBC4800883FB9 /* Tree, BST and Trie */,
				DF6CEE192E1A63BB007A73AB /* Swift Basics */,
				DF6CEE162E199B43007A73AB /* Stacks and Queue */,
				DF6CEE142E1983B7007A73AB /* Linkedlist */,
				DF6CEE112E182EFE007A73AB /* Recursion & Arrays */,
				DF7DD8482E16F4220009256C /* DP */,
			);
			sourceTree = "<group>";
		};
		DF7DD8482E16F4220009256C /* DP */ = {
			isa = PBXGroup;
			children = (
				DF7DD84B2E16F49B0009256C /* Easy_DP.playground */,
			);
			path = DP;
			sourceTree = "<group>";
		};
/* End PBXGroup section */

/* Begin PBXProject section */
		DF7DD8422E16F3ED0009256C /* Project object */ = {
			isa = PBXProject;
			attributes = {
				BuildIndependentTargetsInParallel = 1;
				LastUpgradeCheck = 1640;
			};
			buildConfigurationList = DF7DD8452E16F3ED0009256C /* Build configuration list for PBXProject "DSA" */;
			developmentRegion = en;
			hasScannedForEncodings = 0;
			knownRegions = (
				en,
				Base,
			);
			mainGroup = DF7DD8412E16F3ED0009256C;
			minimizedProjectReferenceProxies = 1;
			preferredProjectObjectVersion = 77;
			projectDirPath = "";
			projectRoot = "";
			targets = (
			);
		};
/* End PBXProject section */

/* Begin XCBuildConfiguration section */
		DF7DD8462E16F3ED0009256C /* Debug */ = {
			isa = XCBuildConfiguration;
			buildSettings = {
			};
			name = Debug;
		};
		DF7DD8472E16F3ED0009256C /* Release */ = {
			isa = XCBuildConfiguration;
			buildSettings = {
			};
			name = Release;
		};
/* End XCBuildConfiguration section */

/* Begin XCConfigurationList section */
		DF7DD8452E16F3ED0009256C /* Build configuration list for PBXProject "DSA" */ = {
			isa = XCConfigurationList;
			buildConfigurations = (
				DF7DD8462E16F3ED0009256C /* Debug */,
				DF7DD8472E16F3ED0009256C /* Release */,
			);
			defaultConfigurationIsVisible = 0;
			defaultConfigurationName = Release;
		};
/* End XCConfigurationList section */
	};
	rootObject = DF7DD8422E16F3ED0009256C /* Project object */;
}
